
Microsoft Visual Studio Solution File, Format Version 12.00
# Visual Studio Version 17
VisualStudioVersion = 17.1.32228.430
MinimumVisualStudioVersion = 10.0.40219.1
Project("{8BC9CEB8-8B4A-11D0-8D11-00A0C91BC942}") = "ATMApp", "ATMApp.vcxproj", "{BEB90FAB-C0A7-438E-B1C2-20DE4A0A6021}"
EndProject
Global
	GlobalSection(SolutionConfigurationPlatforms) = preSolution
		Debug|x64 = Debug|x64
		Debug|x86 = Debug|x86
		Release|x64 = Release|x64
		Release|x86 = Release|x86
	EndGlobalSection
	GlobalSection(ProjectConfigurationPlatforms) = postSolution
		{BEB90FAB-C0A7-438E-B1C2-20DE4A0A6021}.Debug|x64.ActiveCfg = Debug|x64
		{BEB90FAB-C0A7-438E-B1C2-20DE4A0A6021}.Debug|x64.Build.0 = Debug|x64
		{BEB90FAB-C0A7-438E-B1C2-20DE4A0A6021}.Debug|x86.ActiveCfg = Debug|Win32
		{BEB90FAB-C0A7-438E-B1C2-20DE4A0A6021}.Debug|x86.Build.0 = Debug|Win32
		{BEB90FAB-C0A7-438E-B1C2-20DE4A0A6021}.Release|x64.ActiveCfg = Release|x64
		{BEB90FAB-C0A7-438E-B1C2-20DE4A0A6021}.Release|x64.Build.0 = Release|x64
		{BEB90FAB-C0A7-438E-B1C2-20DE4A0A6021}.Release|x86.ActiveCfg = Release|Win32
		{BEB90FAB-C0A7-438E-B1C2-20DE4A0A6021}.Release|x86.Build.0 = Release|Win32
	EndGlobalSection
	GlobalSection(SolutionProperties) = preSolution
		HideSolutionNode = FALSE
	EndGlobalSection
	GlobalSection(ExtensibilityGlobals) = postSolution
		SolutionGuid = {B645C3AE-240A-4924-91E2-A7CC0CED4450}
	EndGlobalSection
EndGlobal
